
Microsoft Visual Studio Solution File, Format Version 12.00
# Visual Studio 15
VisualStudioVersion = 15.0.28010.2003
MinimumVisualStudioVersion = 10.0.40219.1
Project("{FAE04EC0-301F-11D3-BF4B-00C04F79EFBC}") = "AxwayMoviesCatalogue", "src\WebApi\AxwayMoviesCatalogue\AxwayMoviesCatalogue.csproj", "{FBD9B956-967B-4FBC-842E-7C8BAAA8221F}"
EndProject
Project("{FAE04EC0-301F-11D3-BF4B-00C04F79EFBC}") = "AxwayMoviesCatalogue.Data", "src\Data\AxwayMoviesCatalogue.Data\AxwayMoviesCatalogue.Data.csproj", "{E845E255-9A07-47DE-B523-AAB2EB4A398D}"
EndProject
Project("{FAE04EC0-301F-11D3-BF4B-00C04F79EFBC}") = "AxwayMoviesCatalogue.Models", "src\Data\AxwayMoviesCatalogue.Models\AxwayMoviesCatalogue.Models.csproj", "{157CB8C5-C60E-4F6D-84D1-641FB247CFEF}"
EndProject
Project("{2150E333-8FDC-42A3-9474-1A3956D46DE8}") = "Data", "Data", "{AAEDB587-7CC3-4063-927A-60A0DEA0D4E1}"
EndProject
Project("{FAE04EC0-301F-11D3-BF4B-00C04F79EFBC}") = "AxwayMoviesCatalogue.Services", "src\Data\AxwayMoviesCatalogue.Services\AxwayMoviesCatalogue.Services.csproj", "{20F8D7C2-3305-43F4-82AD-4A458806A93A}"
EndProject
Project("{FAE04EC0-301F-11D3-BF4B-00C04F79EFBC}") = "SandBox", "SandBox\SandBox.csproj", "{8447B12B-B88A-4250-8730-50C1FB659E66}"
EndProject
Project("{2150E333-8FDC-42A3-9474-1A3956D46DE8}") = "Testing", "Testing", "{8D21DD51-BC57-476C-BCB4-1A083266E0F0}"
EndProject
Project("{FAE04EC0-301F-11D3-BF4B-00C04F79EFBC}") = "AxwayMoviesCatalogue.Test", "AxwayMoviesCatalogue.Test\AxwayMoviesCatalogue.Test.csproj", "{A7861300-C6E7-4897-8142-7519507F9457}"
EndProject
Global
	GlobalSection(SolutionConfigurationPlatforms) = preSolution
		Debug|Any CPU = Debug|Any CPU
		Release|Any CPU = Release|Any CPU
	EndGlobalSection
	GlobalSection(ProjectConfigurationPlatforms) = postSolution
		{FBD9B956-967B-4FBC-842E-7C8BAAA8221F}.Debug|Any CPU.ActiveCfg = Debug|Any CPU
		{FBD9B956-967B-4FBC-842E-7C8BAAA8221F}.Debug|Any CPU.Build.0 = Debug|Any CPU
		{FBD9B956-967B-4FBC-842E-7C8BAAA8221F}.Release|Any CPU.ActiveCfg = Release|Any CPU
		{FBD9B956-967B-4FBC-842E-7C8BAAA8221F}.Release|Any CPU.Build.0 = Release|Any CPU
		{E845E255-9A07-47DE-B523-AAB2EB4A398D}.Debug|Any CPU.ActiveCfg = Debug|Any CPU
		{E845E255-9A07-47DE-B523-AAB2EB4A398D}.Debug|Any CPU.Build.0 = Debug|Any CPU
		{E845E255-9A07-47DE-B523-AAB2EB4A398D}.Release|Any CPU.ActiveCfg = Release|Any CPU
		{E845E255-9A07-47DE-B523-AAB2EB4A398D}.Release|Any CPU.Build.0 = Release|Any CPU
		{157CB8C5-C60E-4F6D-84D1-641FB247CFEF}.Debug|Any CPU.ActiveCfg = Debug|Any CPU
		{157CB8C5-C60E-4F6D-84D1-641FB247CFEF}.Debug|Any CPU.Build.0 = Debug|Any CPU
		{157CB8C5-C60E-4F6D-84D1-641FB247CFEF}.Release|Any CPU.ActiveCfg = Release|Any CPU
		{157CB8C5-C60E-4F6D-84D1-641FB247CFEF}.Release|Any CPU.Build.0 = Release|Any CPU
		{20F8D7C2-3305-43F4-82AD-4A458806A93A}.Debug|Any CPU.ActiveCfg = Debug|Any CPU
		{20F8D7C2-3305-43F4-82AD-4A458806A93A}.Debug|Any CPU.Build.0 = Debug|Any CPU
		{20F8D7C2-3305-43F4-82AD-4A458806A93A}.Release|Any CPU.ActiveCfg = Release|Any CPU
		{20F8D7C2-3305-43F4-82AD-4A458806A93A}.Release|Any CPU.Build.0 = Release|Any CPU
		{8447B12B-B88A-4250-8730-50C1FB659E66}.Debug|Any CPU.ActiveCfg = Debug|Any CPU
		{8447B12B-B88A-4250-8730-50C1FB659E66}.Debug|Any CPU.Build.0 = Debug|Any CPU
		{8447B12B-B88A-4250-8730-50C1FB659E66}.Release|Any CPU.ActiveCfg = Release|Any CPU
		{8447B12B-B88A-4250-8730-50C1FB659E66}.Release|Any CPU.Build.0 = Release|Any CPU
		{A7861300-C6E7-4897-8142-7519507F9457}.Debug|Any CPU.ActiveCfg = Debug|Any CPU
		{A7861300-C6E7-4897-8142-7519507F9457}.Debug|Any CPU.Build.0 = Debug|Any CPU
		{A7861300-C6E7-4897-8142-7519507F9457}.Release|Any CPU.ActiveCfg = Release|Any CPU
		{A7861300-C6E7-4897-8142-7519507F9457}.Release|Any CPU.Build.0 = Release|Any CPU
	EndGlobalSection
	GlobalSection(SolutionProperties) = preSolution
		HideSolutionNode = FALSE
	EndGlobalSection
	GlobalSection(NestedProjects) = preSolution
		{E845E255-9A07-47DE-B523-AAB2EB4A398D} = {AAEDB587-7CC3-4063-927A-60A0DEA0D4E1}
		{157CB8C5-C60E-4F6D-84D1-641FB247CFEF} = {AAEDB587-7CC3-4063-927A-60A0DEA0D4E1}
		{20F8D7C2-3305-43F4-82AD-4A458806A93A} = {AAEDB587-7CC3-4063-927A-60A0DEA0D4E1}
		{A7861300-C6E7-4897-8142-7519507F9457} = {8D21DD51-BC57-476C-BCB4-1A083266E0F0}
	EndGlobalSection
	GlobalSection(ExtensibilityGlobals) = postSolution
		SolutionGuid = {672C61F4-A80A-47A1-9A13-7F689771592E}
	EndGlobalSection
EndGlobal
